
Microsoft Visual Studio Solution File, Format Version 12.00
# Visual Studio Version 16
VisualStudioVersion = 16.0.29424.173
MinimumVisualStudioVersion = 10.0.40219.1
Project("{9092AA53-FB77-4645-B42D-1CCCA6BD08BD}") = "Controller", "Controller.njsproj", "{D94B7108-D90B-46EC-85B4-BC8F397339D2}"
EndProject
Global
	GlobalSection(SolutionConfigurationPlatforms) = preSolution
		Debug|Any CPU = Debug|Any CPU
		Release|Any CPU = Release|Any CPU
	EndGlobalSection
	GlobalSection(ProjectConfigurationPlatforms) = postSolution
		{D94B7108-D90B-46EC-85B4-BC8F397339D2}.Debug|Any CPU.ActiveCfg = Debug|Any CPU
		{D94B7108-D90B-46EC-85B4-BC8F397339D2}.Debug|Any CPU.Build.0 = Debug|Any CPU
		{D94B7108-D90B-46EC-85B4-BC8F397339D2}.Release|Any CPU.ActiveCfg = Release|Any CPU
		{D94B7108-D90B-46EC-85B4-BC8F397339D2}.Release|Any CPU.Build.0 = Release|Any CPU
	EndGlobalSection
	GlobalSection(SolutionProperties) = preSolution
		HideSolutionNode = FALSE
	EndGlobalSection
	GlobalSection(ExtensibilityGlobals) = postSolution
		SolutionGuid = {4E48EA67-E3EA-430D-A7CB-26073D02AD12}
	EndGlobalSection
EndGlobal
